<?xml version="1.0" encoding="UTF-8"?>
<!DOCTYPE plist PUBLIC "-//Apple//DTD PLIST 1.0//EN" "http://www.apple.com/DTDs/PropertyList-1.0.dtd">
<plist version="1.0">
<dict>
	<key>archiveVersion</key>
	<string>1</string>
	<key>classes</key>
	<dict/>
	<key>objectVersion</key>
	<string>46</string>
	<key>objects</key>
	<dict>
		<key>4051C596D266F5A6761BFFDF</key>
		<dict>
			<key>fileRef</key>
			<string>9CFF199601D16A19D152E132</string>
			<key>isa</key>
			<string>PBXBuildFile</string>
		</dict>
		<key>5502103519E3EB0100D3495F</key>
		<dict>
			<key>children</key>
			<array>
				<string>5502103619E3EB0100D3495F</string>
			</array>
			<key>isa</key>
			<string>PBXVariantGroup</string>
			<key>name</key>
			<string>Main.storyboard</string>
			<key>path</key>
			<string>..</string>
			<key>sourceTree</key>
			<string>&lt;group&gt;</string>
		</dict>
		<key>5502103619E3EB0100D3495F</key>
		<dict>
			<key>isa</key>
			<string>PBXFileReference</string>
			<key>lastKnownFileType</key>
			<string>file.storyboard</string>
			<key>name</key>
			<string>Base</string>
			<key>path</key>
			<string>iTrapp/Base.lproj/Main.storyboard</string>
			<key>sourceTree</key>
			<string>&lt;group&gt;</string>
		</dict>
		<key>5502103719E3EB0100D3495F</key>
		<dict>
			<key>fileRef</key>
			<string>5502103519E3EB0100D3495F</string>
			<key>isa</key>
			<string>PBXBuildFile</string>
		</dict>
		<key>55949E7B19D99C4C00224DC9</key>
		<dict>
			<key>children</key>
			<array>
				<string>55FAA60819E5F934007C4705</string>
				<string>55949E8619D99C4C00224DC9</string>
				<string>55949EA319D99C4D00224DC9</string>
				<string>55949E8519D99C4C00224DC9</string>
				<string>78E0B90E1BBF6D23ECA9F540</string>
				<string>AE9B02D01ACB06359F50A822</string>
			</array>
			<key>isa</key>
			<string>PBXGroup</string>
			<key>sourceTree</key>
			<string>&lt;group&gt;</string>
		</dict>
		<key>55949E7C19D99C4C00224DC9</key>
		<dict>
			<key>attributes</key>
			<dict>
				<key>LastUpgradeCheck</key>
				<string>0600</string>
				<key>ORGANIZATIONNAME</key>
				<string>iTrapp</string>
				<key>TargetAttributes</key>
				<dict>
					<key>55949E8319D99C4C00224DC9</key>
					<dict>
						<key>CreatedOnToolsVersion</key>
						<string>6.0.1</string>
					</dict>
					<key>55949E9F19D99C4D00224DC9</key>
					<dict>
						<key>CreatedOnToolsVersion</key>
						<string>6.0.1</string>
						<key>TestTargetID</key>
						<string>55949E8319D99C4C00224DC9</string>
					</dict>
				</dict>
			</dict>
			<key>buildConfigurationList</key>
			<string>55949E7F19D99C4C00224DC9</string>
			<key>compatibilityVersion</key>
			<string>Xcode 3.2</string>
			<key>developmentRegion</key>
			<string>English</string>
			<key>hasScannedForEncodings</key>
			<string>0</string>
			<key>isa</key>
			<string>PBXProject</string>
			<key>knownRegions</key>
			<array>
				<string>en</string>
				<string>Base</string>
			</array>
			<key>mainGroup</key>
			<string>55949E7B19D99C4C00224DC9</string>
			<key>productRefGroup</key>
			<string>55949E8519D99C4C00224DC9</string>
			<key>projectDirPath</key>
			<string></string>
			<key>projectReferences</key>
			<array/>
			<key>projectRoot</key>
			<string></string>
			<key>targets</key>
			<array>
				<string>55949E8319D99C4C00224DC9</string>
				<string>55949E9F19D99C4D00224DC9</string>
			</array>
		</dict>
		<key>55949E7F19D99C4C00224DC9</key>
		<dict>
			<key>buildConfigurations</key>
			<array>
				<string>55949EA819D99C4D00224DC9</string>
				<string>55949EA919D99C4D00224DC9</string>
			</array>
			<key>defaultConfigurationIsVisible</key>
			<string>0</string>
			<key>defaultConfigurationName</key>
			<string>Release</string>
			<key>isa</key>
			<string>XCConfigurationList</string>
		</dict>
		<key>55949E8019D99C4C00224DC9</key>
		<dict>
			<key>buildActionMask</key>
			<string>2147483647</string>
			<key>files</key>
			<array>
				<string>55CCE1A219DAE686009D83D7</string>
				<string>55CCE19F19DAE4B4009D83D7</string>
				<string>55949E8D19D99C4C00224DC9</string>
				<string>55F7D27519DCBEEC00FC6490</string>
				<string>55CCE19619DAB084009D83D7</string>
				<string>55B0FD7119DD54B900CE6387</string>
				<string>55949E9019D99C4C00224DC9</string>
				<string>55949E9319D99C4C00224DC9</string>
				<string>55949E8A19D99C4C00224DC9</string>
			</array>
			<key>isa</key>
			<string>PBXSourcesBuildPhase</string>
			<key>runOnlyForDeploymentPostprocessing</key>
			<string>0</string>
		</dict>
		<key>55949E8119D99C4C00224DC9</key>
		<dict>
			<key>buildActionMask</key>
			<string>2147483647</string>
			<key>files</key>
			<array>
				<string>55FAA60919E5F934007C4705</string>
				<string>4051C596D266F5A6761BFFDF</string>
			</array>
			<key>isa</key>
			<string>PBXFrameworksBuildPhase</string>
			<key>runOnlyForDeploymentPostprocessing</key>
			<string>0</string>
		</dict>
		<key>55949E8219D99C4C00224DC9</key>
		<dict>
			<key>buildActionMask</key>
			<string>2147483647</string>
			<key>files</key>
			<array>
				<string>5502103719E3EB0100D3495F</string>
				<string>55FAA60B19E6046C007C4705</string>
				<string>55949E9B19D99C4D00224DC9</string>
				<string>55949E9819D99C4C00224DC9</string>
			</array>
			<key>isa</key>
			<string>PBXResourcesBuildPhase</string>
			<key>runOnlyForDeploymentPostprocessing</key>
			<string>0</string>
		</dict>
		<key>55949E8319D99C4C00224DC9</key>
		<dict>
			<key>buildConfigurationList</key>
			<string>55949EAA19D99C4D00224DC9</string>
			<key>buildPhases</key>
			<array>
				<string>F9BC2AD0593E50BA83DE9920</string>
				<string>55949E8019D99C4C00224DC9</string>
				<string>55949E8119D99C4C00224DC9</string>
				<string>55949E8219D99C4C00224DC9</string>
				<string>DC3F47DF0FF7AFE290FE3F98</string>
			</array>
			<key>buildRules</key>
			<array/>
			<key>dependencies</key>
			<array/>
			<key>isa</key>
			<string>PBXNativeTarget</string>
			<key>name</key>
			<string>iTrapp</string>
			<key>productName</key>
			<string>iTrapp</string>
			<key>productReference</key>
			<string>55949E8419D99C4C00224DC9</string>
			<key>productType</key>
			<string>com.apple.product-type.application</string>
		</dict>
		<key>55949E8419D99C4C00224DC9</key>
		<dict>
			<key>explicitFileType</key>
			<string>wrapper.application</string>
			<key>includeInIndex</key>
			<string>0</string>
			<key>isa</key>
			<string>PBXFileReference</string>
			<key>path</key>
			<string>iTrapp.app</string>
			<key>sourceTree</key>
			<string>BUILT_PRODUCTS_DIR</string>
		</dict>
		<key>55949E8519D99C4C00224DC9</key>
		<dict>
			<key>children</key>
			<array>
				<string>55949E8419D99C4C00224DC9</string>
				<string>55949EA019D99C4D00224DC9</string>
			</array>
			<key>isa</key>
			<string>PBXGroup</string>
			<key>name</key>
			<string>Products</string>
			<key>sourceTree</key>
			<string>&lt;group&gt;</string>
		</dict>
		<key>55949E8619D99C4C00224DC9</key>
		<dict>
			<key>children</key>
			<array>
				<string>55FAA60A19E6046C007C4705</string>
				<string>55CCE19D19DAE4B4009D83D7</string>
				<string>55CCE19E19DAE4B4009D83D7</string>
				<string>55CCE19419DAB084009D83D7</string>
				<string>55CCE19519DAB084009D83D7</string>
				<string>55949E8B19D99C4C00224DC9</string>
				<string>55949E8C19D99C4C00224DC9</string>
				<string>55949E9119D99C4C00224DC9</string>
				<string>55949E9219D99C4C00224DC9</string>
				<string>55CCE1A019DAE686009D83D7</string>
				<string>55CCE1A119DAE686009D83D7</string>
				<string>55F7D27319DCBEEC00FC6490</string>
				<string>55F7D27419DCBEEC00FC6490</string>
				<string>55B0FD6F19DD54B900CE6387</string>
				<string>55B0FD7019DD54B900CE6387</string>
				<string>55949E9719D99C4C00224DC9</string>
				<string>5502103519E3EB0100D3495F</string>
				<string>55949E9919D99C4C00224DC9</string>
				<string>55949E8E19D99C4C00224DC9</string>
				<string>55949E8719D99C4C00224DC9</string>
			</array>
			<key>isa</key>
			<string>PBXGroup</string>
			<key>path</key>
			<string>iTrapp</string>
			<key>sourceTree</key>
			<string>&lt;group&gt;</string>
		</dict>
		<key>55949E8719D99C4C00224DC9</key>
		<dict>
			<key>children</key>
			<array>
				<string>55949E8819D99C4C00224DC9</string>
				<string>55949E8919D99C4C00224DC9</string>
			</array>
			<key>isa</key>
			<string>PBXGroup</string>
			<key>name</key>
			<string>Supporting Files</string>
			<key>sourceTree</key>
			<string>&lt;group&gt;</string>
		</dict>
		<key>55949E8819D99C4C00224DC9</key>
		<dict>
			<key>isa</key>
			<string>PBXFileReference</string>
			<key>lastKnownFileType</key>
			<string>text.plist.xml</string>
			<key>path</key>
			<string>Info.plist</string>
			<key>sourceTree</key>
			<string>&lt;group&gt;</string>
		</dict>
		<key>55949E8919D99C4C00224DC9</key>
		<dict>
			<key>isa</key>
			<string>PBXFileReference</string>
			<key>lastKnownFileType</key>
			<string>sourcecode.c.objc</string>
			<key>path</key>
			<string>main.m</string>
			<key>sourceTree</key>
			<string>&lt;group&gt;</string>
		</dict>
		<key>55949E8A19D99C4C00224DC9</key>
		<dict>
			<key>fileRef</key>
			<string>55949E8919D99C4C00224DC9</string>
			<key>isa</key>
			<string>PBXBuildFile</string>
		</dict>
		<key>55949E8B19D99C4C00224DC9</key>
		<dict>
			<key>isa</key>
			<string>PBXFileReference</string>
			<key>lastKnownFileType</key>
			<string>sourcecode.c.h</string>
			<key>path</key>
			<string>AppDelegate.h</string>
			<key>sourceTree</key>
			<string>&lt;group&gt;</string>
		</dict>
		<key>55949E8C19D99C4C00224DC9</key>
		<dict>
			<key>isa</key>
			<string>PBXFileReference</string>
			<key>lastKnownFileType</key>
			<string>sourcecode.c.objc</string>
			<key>path</key>
			<string>AppDelegate.m</string>
			<key>sourceTree</key>
			<string>&lt;group&gt;</string>
		</dict>
		<key>55949E8D19D99C4C00224DC9</key>
		<dict>
			<key>fileRef</key>
			<string>55949E8C19D99C4C00224DC9</string>
			<key>isa</key>
			<string>PBXBuildFile</string>
		</dict>
		<key>55949E8E19D99C4C00224DC9</key>
		<dict>
			<key>children</key>
			<array>
				<string>55949E8F19D99C4C00224DC9</string>
			</array>
			<key>currentVersion</key>
			<string>55949E8F19D99C4C00224DC9</string>
			<key>isa</key>
			<string>XCVersionGroup</string>
			<key>path</key>
			<string>iTrapp.xcdatamodeld</string>
			<key>sourceTree</key>
			<string>&lt;group&gt;</string>
			<key>versionGroupType</key>
			<string>wrapper.xcdatamodel</string>
		</dict>
		<key>55949E8F19D99C4C00224DC9</key>
		<dict>
			<key>isa</key>
			<string>PBXFileReference</string>
			<key>lastKnownFileType</key>
			<string>wrapper.xcdatamodel</string>
			<key>path</key>
			<string>iTrapp.xcdatamodel</string>
			<key>sourceTree</key>
			<string>&lt;group&gt;</string>
		</dict>
		<key>55949E9019D99C4C00224DC9</key>
		<dict>
			<key>fileRef</key>
			<string>55949E8E19D99C4C00224DC9</string>
			<key>isa</key>
			<string>PBXBuildFile</string>
		</dict>
		<key>55949E9119D99C4C00224DC9</key>
		<dict>
			<key>isa</key>
			<string>PBXFileReference</string>
			<key>lastKnownFileType</key>
			<string>sourcecode.c.h</string>
			<key>path</key>
			<string>ViewController.h</string>
			<key>sourceTree</key>
			<string>&lt;group&gt;</string>
		</dict>
		<key>55949E9219D99C4C00224DC9</key>
		<dict>
			<key>isa</key>
			<string>PBXFileReference</string>
			<key>lastKnownFileType</key>
			<string>sourcecode.c.objc</string>
			<key>path</key>
			<string>ViewController.m</string>
			<key>sourceTree</key>
			<string>&lt;group&gt;</string>
		</dict>
		<key>55949E9319D99C4C00224DC9</key>
		<dict>
			<key>fileRef</key>
			<string>55949E9219D99C4C00224DC9</string>
			<key>isa</key>
			<string>PBXBuildFile</string>
		</dict>
		<key>55949E9719D99C4C00224DC9</key>
		<dict>
			<key>isa</key>
			<string>PBXFileReference</string>
			<key>lastKnownFileType</key>
			<string>folder.assetcatalog</string>
			<key>path</key>
			<string>Images.xcassets</string>
			<key>sourceTree</key>
			<string>&lt;group&gt;</string>
		</dict>
		<key>55949E9819D99C4C00224DC9</key>
		<dict>
			<key>fileRef</key>
			<string>55949E9719D99C4C00224DC9</string>
			<key>isa</key>
			<string>PBXBuildFile</string>
		</dict>
		<key>55949E9919D99C4C00224DC9</key>
		<dict>
			<key>children</key>
			<array>
				<string>55949E9A19D99C4C00224DC9</string>
			</array>
			<key>isa</key>
			<string>PBXVariantGroup</string>
			<key>name</key>
			<string>LaunchScreen.xib</string>
			<key>sourceTree</key>
			<string>&lt;group&gt;</string>
		</dict>
		<key>55949E9A19D99C4C00224DC9</key>
		<dict>
			<key>isa</key>
			<string>PBXFileReference</string>
			<key>lastKnownFileType</key>
			<string>file.xib</string>
			<key>name</key>
			<string>Base</string>
			<key>path</key>
			<string>Base.lproj/LaunchScreen.xib</string>
			<key>sourceTree</key>
			<string>&lt;group&gt;</string>
		</dict>
		<key>55949E9B19D99C4D00224DC9</key>
		<dict>
			<key>fileRef</key>
			<string>55949E9919D99C4C00224DC9</string>
			<key>isa</key>
			<string>PBXBuildFile</string>
		</dict>
		<key>55949E9C19D99C4D00224DC9</key>
		<dict>
			<key>buildActionMask</key>
			<string>2147483647</string>
			<key>files</key>
			<array>
				<string>55949EA719D99C4D00224DC9</string>
			</array>
			<key>isa</key>
			<string>PBXSourcesBuildPhase</string>
			<key>runOnlyForDeploymentPostprocessing</key>
			<string>0</string>
		</dict>
		<key>55949E9D19D99C4D00224DC9</key>
		<dict>
			<key>buildActionMask</key>
			<string>2147483647</string>
			<key>files</key>
			<array/>
			<key>isa</key>
			<string>PBXFrameworksBuildPhase</string>
			<key>runOnlyForDeploymentPostprocessing</key>
			<string>0</string>
		</dict>
		<key>55949E9E19D99C4D00224DC9</key>
		<dict>
			<key>buildActionMask</key>
			<string>2147483647</string>
			<key>files</key>
			<array/>
			<key>isa</key>
			<string>PBXResourcesBuildPhase</string>
			<key>runOnlyForDeploymentPostprocessing</key>
			<string>0</string>
		</dict>
		<key>55949E9F19D99C4D00224DC9</key>
		<dict>
			<key>buildConfigurationList</key>
			<string>55949EAD19D99C4D00224DC9</string>
			<key>buildPhases</key>
			<array>
				<string>55949E9C19D99C4D00224DC9</string>
				<string>55949E9D19D99C4D00224DC9</string>
				<string>55949E9E19D99C4D00224DC9</string>
			</array>
			<key>buildRules</key>
			<array/>
			<key>dependencies</key>
			<array>
				<string>55949EA219D99C4D00224DC9</string>
			</array>
			<key>isa</key>
			<string>PBXNativeTarget</string>
			<key>name</key>
			<string>iTrappTests</string>
			<key>productName</key>
			<string>iTrappTests</string>
			<key>productReference</key>
			<string>55949EA019D99C4D00224DC9</string>
			<key>productType</key>
			<string>com.apple.product-type.bundle.unit-test</string>
		</dict>
		<key>55949EA019D99C4D00224DC9</key>
		<dict>
			<key>explicitFileType</key>
			<string>wrapper.cfbundle</string>
			<key>includeInIndex</key>
			<string>0</string>
			<key>isa</key>
			<string>PBXFileReference</string>
			<key>path</key>
			<string>iTrappTests.xctest</string>
			<key>sourceTree</key>
			<string>BUILT_PRODUCTS_DIR</string>
		</dict>
		<key>55949EA119D99C4D00224DC9</key>
		<dict>
			<key>containerPortal</key>
			<string>55949E7C19D99C4C00224DC9</string>
			<key>isa</key>
			<string>PBXContainerItemProxy</string>
			<key>proxyType</key>
			<string>1</string>
			<key>remoteGlobalIDString</key>
			<string>55949E8319D99C4C00224DC9</string>
			<key>remoteInfo</key>
			<string>iTrapp</string>
		</dict>
		<key>55949EA219D99C4D00224DC9</key>
		<dict>
			<key>isa</key>
			<string>PBXTargetDependency</string>
			<key>target</key>
			<string>55949E8319D99C4C00224DC9</string>
			<key>targetProxy</key>
			<string>55949EA119D99C4D00224DC9</string>
		</dict>
		<key>55949EA319D99C4D00224DC9</key>
		<dict>
			<key>children</key>
			<array>
				<string>55949EA619D99C4D00224DC9</string>
				<string>55949EA419D99C4D00224DC9</string>
			</array>
			<key>isa</key>
			<string>PBXGroup</string>
			<key>path</key>
			<string>iTrappTests</string>
			<key>sourceTree</key>
			<string>&lt;group&gt;</string>
		</dict>
		<key>55949EA419D99C4D00224DC9</key>
		<dict>
			<key>children</key>
			<array>
				<string>55949EA519D99C4D00224DC9</string>
			</array>
			<key>isa</key>
			<string>PBXGroup</string>
			<key>name</key>
			<string>Supporting Files</string>
			<key>sourceTree</key>
			<string>&lt;group&gt;</string>
		</dict>
		<key>55949EA519D99C4D00224DC9</key>
		<dict>
			<key>isa</key>
			<string>PBXFileReference</string>
			<key>lastKnownFileType</key>
			<string>text.plist.xml</string>
			<key>path</key>
			<string>Info.plist</string>
			<key>sourceTree</key>
			<string>&lt;group&gt;</string>
		</dict>
		<key>55949EA619D99C4D00224DC9</key>
		<dict>
			<key>isa</key>
			<string>PBXFileReference</string>
			<key>lastKnownFileType</key>
			<string>sourcecode.c.objc</string>
			<key>path</key>
			<string>iTrappTests.m</string>
			<key>sourceTree</key>
			<string>&lt;group&gt;</string>
		</dict>
		<key>55949EA719D99C4D00224DC9</key>
		<dict>
			<key>fileRef</key>
			<string>55949EA619D99C4D00224DC9</string>
			<key>isa</key>
			<string>PBXBuildFile</string>
		</dict>
		<key>55949EA819D99C4D00224DC9</key>
		<dict>
			<key>buildSettings</key>
			<dict>
				<key>ALWAYS_SEARCH_USER_PATHS</key>
				<string>NO</string>
				<key>CLANG_CXX_LANGUAGE_STANDARD</key>
				<string>gnu++0x</string>
				<key>CLANG_CXX_LIBRARY</key>
				<string>libc++</string>
				<key>CLANG_ENABLE_MODULES</key>
				<string>YES</string>
				<key>CLANG_ENABLE_OBJC_ARC</key>
				<string>YES</string>
				<key>CLANG_WARN_BOOL_CONVERSION</key>
				<string>YES</string>
				<key>CLANG_WARN_CONSTANT_CONVERSION</key>
				<string>YES</string>
				<key>CLANG_WARN_DIRECT_OBJC_ISA_USAGE</key>
				<string>YES_ERROR</string>
				<key>CLANG_WARN_EMPTY_BODY</key>
				<string>YES</string>
				<key>CLANG_WARN_ENUM_CONVERSION</key>
				<string>YES</string>
				<key>CLANG_WARN_INT_CONVERSION</key>
				<string>YES</string>
				<key>CLANG_WARN_OBJC_ROOT_CLASS</key>
				<string>YES_ERROR</string>
				<key>CLANG_WARN_UNREACHABLE_CODE</key>
				<string>YES</string>
				<key>CLANG_WARN__DUPLICATE_METHOD_MATCH</key>
				<string>YES</string>
				<key>CODE_SIGN_IDENTITY[sdk=iphoneos*]</key>
				<string>iPhone Developer</string>
				<key>COPY_PHASE_STRIP</key>
				<string>NO</string>
				<key>ENABLE_STRICT_OBJC_MSGSEND</key>
				<string>YES</string>
				<key>GCC_C_LANGUAGE_STANDARD</key>
				<string>gnu99</string>
				<key>GCC_DYNAMIC_NO_PIC</key>
				<string>NO</string>
				<key>GCC_OPTIMIZATION_LEVEL</key>
				<string>0</string>
				<key>GCC_PREPROCESSOR_DEFINITIONS</key>
				<array>
					<string>DEBUG=1</string>
					<string>$(inherited)</string>
				</array>
				<key>GCC_SYMBOLS_PRIVATE_EXTERN</key>
				<string>NO</string>
				<key>GCC_WARN_64_TO_32_BIT_CONVERSION</key>
				<string>YES</string>
				<key>GCC_WARN_ABOUT_RETURN_TYPE</key>
				<string>YES_ERROR</string>
				<key>GCC_WARN_UNDECLARED_SELECTOR</key>
				<string>YES</string>
				<key>GCC_WARN_UNINITIALIZED_AUTOS</key>
				<string>YES_AGGRESSIVE</string>
				<key>GCC_WARN_UNUSED_FUNCTION</key>
				<string>YES</string>
				<key>GCC_WARN_UNUSED_VARIABLE</key>
				<string>YES</string>
				<key>IPHONEOS_DEPLOYMENT_TARGET</key>
				<string>8.0</string>
				<key>MTL_ENABLE_DEBUG_INFO</key>
				<string>YES</string>
				<key>ONLY_ACTIVE_ARCH</key>
				<string>YES</string>
				<key>SDKROOT</key>
				<string>iphoneos</string>
			</dict>
			<key>isa</key>
			<string>XCBuildConfiguration</string>
			<key>name</key>
			<string>Debug</string>
		</dict>
		<key>55949EA919D99C4D00224DC9</key>
		<dict>
			<key>buildSettings</key>
			<dict>
				<key>ALWAYS_SEARCH_USER_PATHS</key>
				<string>NO</string>
				<key>CLANG_CXX_LANGUAGE_STANDARD</key>
				<string>gnu++0x</string>
				<key>CLANG_CXX_LIBRARY</key>
				<string>libc++</string>
				<key>CLANG_ENABLE_MODULES</key>
				<string>YES</string>
				<key>CLANG_ENABLE_OBJC_ARC</key>
				<string>YES</string>
				<key>CLANG_WARN_BOOL_CONVERSION</key>
				<string>YES</string>
				<key>CLANG_WARN_CONSTANT_CONVERSION</key>
				<string>YES</string>
				<key>CLANG_WARN_DIRECT_OBJC_ISA_USAGE</key>
				<string>YES_ERROR</string>
				<key>CLANG_WARN_EMPTY_BODY</key>
				<string>YES</string>
				<key>CLANG_WARN_ENUM_CONVERSION</key>
				<string>YES</string>
				<key>CLANG_WARN_INT_CONVERSION</key>
				<string>YES</string>
				<key>CLANG_WARN_OBJC_ROOT_CLASS</key>
				<string>YES_ERROR</string>
				<key>CLANG_WARN_UNREACHABLE_CODE</key>
				<string>YES</string>
				<key>CLANG_WARN__DUPLICATE_METHOD_MATCH</key>
				<string>YES</string>
				<key>CODE_SIGN_IDENTITY[sdk=iphoneos*]</key>
				<string>iPhone Developer</string>
				<key>COPY_PHASE_STRIP</key>
				<string>YES</string>
				<key>ENABLE_NS_ASSERTIONS</key>
				<string>NO</string>
				<key>ENABLE_STRICT_OBJC_MSGSEND</key>
				<string>YES</string>
				<key>GCC_C_LANGUAGE_STANDARD</key>
				<string>gnu99</string>
				<key>GCC_WARN_64_TO_32_BIT_CONVERSION</key>
				<string>YES</string>
				<key>GCC_WARN_ABOUT_RETURN_TYPE</key>
				<string>YES_ERROR</string>
				<key>GCC_WARN_UNDECLARED_SELECTOR</key>
				<string>YES</string>
				<key>GCC_WARN_UNINITIALIZED_AUTOS</key>
				<string>YES_AGGRESSIVE</string>
				<key>GCC_WARN_UNUSED_FUNCTION</key>
				<string>YES</string>
				<key>GCC_WARN_UNUSED_VARIABLE</key>
				<string>YES</string>
				<key>IPHONEOS_DEPLOYMENT_TARGET</key>
				<string>8.0</string>
				<key>MTL_ENABLE_DEBUG_INFO</key>
				<string>NO</string>
				<key>SDKROOT</key>
				<string>iphoneos</string>
				<key>VALIDATE_PRODUCT</key>
				<string>YES</string>
			</dict>
			<key>isa</key>
			<string>XCBuildConfiguration</string>
			<key>name</key>
			<string>Release</string>
		</dict>
		<key>55949EAA19D99C4D00224DC9</key>
		<dict>
			<key>buildConfigurations</key>
			<array>
				<string>55949EAB19D99C4D00224DC9</string>
				<string>55949EAC19D99C4D00224DC9</string>
			</array>
			<key>defaultConfigurationIsVisible</key>
			<string>0</string>
			<key>defaultConfigurationName</key>
			<string>Release</string>
			<key>isa</key>
			<string>XCConfigurationList</string>
		</dict>
		<key>55949EAB19D99C4D00224DC9</key>
		<dict>
			<key>baseConfigurationReference</key>
			<string>A8192A58EC53CCAF0C8EC2C2</string>
			<key>buildSettings</key>
			<dict>
				<key>ASSETCATALOG_COMPILER_APPICON_NAME</key>
				<string>AppIcon</string>
				<key>INFOPLIST_FILE</key>
				<string>iTrapp/Info.plist</string>
				<key>LD_RUNPATH_SEARCH_PATHS</key>
				<string>$(inherited) @executable_path/Frameworks</string>
				<key>PRODUCT_NAME</key>
				<string>$(TARGET_NAME)</string>
			</dict>
			<key>isa</key>
			<string>XCBuildConfiguration</string>
			<key>name</key>
			<string>Debug</string>
		</dict>
		<key>55949EAC19D99C4D00224DC9</key>
		<dict>
			<key>baseConfigurationReference</key>
			<string>B7F0EFAEECD1F6E2E6A7E503</string>
			<key>buildSettings</key>
			<dict>
				<key>ASSETCATALOG_COMPILER_APPICON_NAME</key>
				<string>AppIcon</string>
				<key>INFOPLIST_FILE</key>
				<string>iTrapp/Info.plist</string>
				<key>LD_RUNPATH_SEARCH_PATHS</key>
				<string>$(inherited) @executable_path/Frameworks</string>
				<key>PRODUCT_NAME</key>
				<string>$(TARGET_NAME)</string>
			</dict>
			<key>isa</key>
			<string>XCBuildConfiguration</string>
			<key>name</key>
			<string>Release</string>
		</dict>
		<key>55949EAD19D99C4D00224DC9</key>
		<dict>
			<key>buildConfigurations</key>
			<array>
				<string>55949EAE19D99C4D00224DC9</string>
				<string>55949EAF19D99C4D00224DC9</string>
			</array>
			<key>defaultConfigurationIsVisible</key>
			<string>0</string>
			<key>defaultConfigurationName</key>
			<string>Release</string>
			<key>isa</key>
			<string>XCConfigurationList</string>
		</dict>
		<key>55949EAE19D99C4D00224DC9</key>
		<dict>
			<key>buildSettings</key>
			<dict>
				<key>BUNDLE_LOADER</key>
				<string>$(TEST_HOST)</string>
				<key>FRAMEWORK_SEARCH_PATHS</key>
				<array>
					<string>$(SDKROOT)/Developer/Library/Frameworks</string>
					<string>$(inherited)</string>
				</array>
				<key>GCC_PREPROCESSOR_DEFINITIONS</key>
				<array>
					<string>DEBUG=1</string>
					<string>$(inherited)</string>
				</array>
				<key>INFOPLIST_FILE</key>
				<string>iTrappTests/Info.plist</string>
				<key>LD_RUNPATH_SEARCH_PATHS</key>
				<string>$(inherited) @executable_path/Frameworks @loader_path/Frameworks</string>
				<key>PRODUCT_NAME</key>
				<string>$(TARGET_NAME)</string>
				<key>TEST_HOST</key>
				<string>$(BUILT_PRODUCTS_DIR)/iTrapp.app/iTrapp</string>
			</dict>
			<key>isa</key>
			<string>XCBuildConfiguration</string>
			<key>name</key>
			<string>Debug</string>
		</dict>
		<key>55949EAF19D99C4D00224DC9</key>
		<dict>
			<key>buildSettings</key>
			<dict>
				<key>BUNDLE_LOADER</key>
				<string>$(TEST_HOST)</string>
				<key>FRAMEWORK_SEARCH_PATHS</key>
				<array>
					<string>$(SDKROOT)/Developer/Library/Frameworks</string>
					<string>$(inherited)</string>
				</array>
				<key>INFOPLIST_FILE</key>
				<string>iTrappTests/Info.plist</string>
				<key>LD_RUNPATH_SEARCH_PATHS</key>
				<string>$(inherited) @executable_path/Frameworks @loader_path/Frameworks</string>
				<key>PRODUCT_NAME</key>
				<string>$(TARGET_NAME)</string>
				<key>TEST_HOST</key>
				<string>$(BUILT_PRODUCTS_DIR)/iTrapp.app/iTrapp</string>
			</dict>
			<key>isa</key>
			<string>XCBuildConfiguration</string>
			<key>name</key>
			<string>Release</string>
		</dict>
		<key>55B0FD6F19DD54B900CE6387</key>
		<dict>
			<key>fileEncoding</key>
			<string>4</string>
			<key>isa</key>
			<string>PBXFileReference</string>
			<key>lastKnownFileType</key>
			<string>sourcecode.c.h</string>
			<key>path</key>
			<string>ConciertoViewController.h</string>
			<key>sourceTree</key>
			<string>&lt;group&gt;</string>
		</dict>
		<key>55B0FD7019DD54B900CE6387</key>
		<dict>
			<key>fileEncoding</key>
			<string>4</string>
			<key>isa</key>
			<string>PBXFileReference</string>
			<key>lastKnownFileType</key>
			<string>sourcecode.c.objc</string>
			<key>path</key>
			<string>ConciertoViewController.m</string>
			<key>sourceTree</key>
			<string>&lt;group&gt;</string>
		</dict>
		<key>55B0FD7119DD54B900CE6387</key>
		<dict>
			<key>fileRef</key>
			<string>55B0FD7019DD54B900CE6387</string>
			<key>isa</key>
			<string>PBXBuildFile</string>
		</dict>
		<key>55CCE19419DAB084009D83D7</key>
		<dict>
			<key>fileEncoding</key>
			<string>4</string>
			<key>isa</key>
			<string>PBXFileReference</string>
			<key>lastKnownFileType</key>
			<string>sourcecode.c.h</string>
			<key>path</key>
			<string>Concierto.h</string>
			<key>sourceTree</key>
			<string>&lt;group&gt;</string>
		</dict>
		<key>55CCE19519DAB084009D83D7</key>
		<dict>
			<key>fileEncoding</key>
			<string>4</string>
			<key>isa</key>
			<string>PBXFileReference</string>
			<key>lastKnownFileType</key>
			<string>sourcecode.c.objc</string>
			<key>path</key>
			<string>Concierto.m</string>
			<key>sourceTree</key>
			<string>&lt;group&gt;</string>
		</dict>
		<key>55CCE19619DAB084009D83D7</key>
		<dict>
			<key>fileRef</key>
			<string>55CCE19519DAB084009D83D7</string>
			<key>isa</key>
			<string>PBXBuildFile</string>
		</dict>
		<key>55CCE19D19DAE4B4009D83D7</key>
		<dict>
			<key>fileEncoding</key>
			<string>4</string>
			<key>isa</key>
			<string>PBXFileReference</string>
			<key>lastKnownFileType</key>
			<string>sourcecode.c.h</string>
			<key>path</key>
			<string>Disco.h</string>
			<key>sourceTree</key>
			<string>&lt;group&gt;</string>
		</dict>
		<key>55CCE19E19DAE4B4009D83D7</key>
		<dict>
			<key>fileEncoding</key>
			<string>4</string>
			<key>isa</key>
			<string>PBXFileReference</string>
			<key>lastKnownFileType</key>
			<string>sourcecode.c.objc</string>
			<key>path</key>
			<string>Disco.m</string>
			<key>sourceTree</key>
			<string>&lt;group&gt;</string>
		</dict>
		<key>55CCE19F19DAE4B4009D83D7</key>
		<dict>
			<key>fileRef</key>
			<string>55CCE19E19DAE4B4009D83D7</string>
			<key>isa</key>
			<string>PBXBuildFile</string>
		</dict>
		<key>55CCE1A019DAE686009D83D7</key>
		<dict>
			<key>fileEncoding</key>
			<string>4</string>
			<key>isa</key>
			<string>PBXFileReference</string>
			<key>lastKnownFileType</key>
			<string>sourcecode.c.h</string>
			<key>path</key>
			<string>InformacionConciertoViewController.h</string>
			<key>sourceTree</key>
			<string>&lt;group&gt;</string>
		</dict>
		<key>55CCE1A119DAE686009D83D7</key>
		<dict>
			<key>fileEncoding</key>
			<string>4</string>
			<key>isa</key>
			<string>PBXFileReference</string>
			<key>lastKnownFileType</key>
			<string>sourcecode.c.objc</string>
			<key>path</key>
			<string>InformacionConciertoViewController.m</string>
			<key>sourceTree</key>
			<string>&lt;group&gt;</string>
		</dict>
		<key>55CCE1A219DAE686009D83D7</key>
		<dict>
			<key>fileRef</key>
			<string>55CCE1A119DAE686009D83D7</string>
			<key>isa</key>
			<string>PBXBuildFile</string>
		</dict>
		<key>55F7D27319DCBEEC00FC6490</key>
		<dict>
			<key>fileEncoding</key>
			<string>4</string>
			<key>isa</key>
			<string>PBXFileReference</string>
			<key>lastKnownFileType</key>
			<string>sourcecode.c.h</string>
			<key>path</key>
			<string>NuevoConciertoViewController.h</string>
			<key>sourceTree</key>
			<string>&lt;group&gt;</string>
		</dict>
		<key>55F7D27419DCBEEC00FC6490</key>
		<dict>
			<key>fileEncoding</key>
			<string>4</string>
			<key>isa</key>
			<string>PBXFileReference</string>
			<key>lastKnownFileType</key>
			<string>sourcecode.c.objc</string>
			<key>path</key>
			<string>NuevoConciertoViewController.m</string>
			<key>sourceTree</key>
			<string>&lt;group&gt;</string>
		</dict>
		<key>55F7D27519DCBEEC00FC6490</key>
		<dict>
			<key>fileRef</key>
			<string>55F7D27419DCBEEC00FC6490</string>
			<key>isa</key>
			<string>PBXBuildFile</string>
		</dict>
		<key>55FAA60819E5F934007C4705</key>
		<dict>
			<key>isa</key>
			<string>PBXFileReference</string>
			<key>lastKnownFileType</key>
			<string>compiled.mach-o.dylib</string>
			<key>name</key>
			<string>libsqlite3.dylib</string>
			<key>path</key>
			<string>usr/lib/libsqlite3.dylib</string>
			<key>sourceTree</key>
			<string>SDKROOT</string>
		</dict>
		<key>55FAA60919E5F934007C4705</key>
		<dict>
			<key>fileRef</key>
			<string>55FAA60819E5F934007C4705</string>
			<key>isa</key>
			<string>PBXBuildFile</string>
		</dict>
		<key>55FAA60A19E6046C007C4705</key>
		<dict>
			<key>isa</key>
			<string>PBXFileReference</string>
			<key>lastKnownFileType</key>
			<string>file</string>
			<key>path</key>
			<string>mydatabase.sqlite</string>
			<key>sourceTree</key>
			<string>&lt;group&gt;</string>
		</dict>
		<key>55FAA60B19E6046C007C4705</key>
		<dict>
			<key>fileRef</key>
			<string>55FAA60A19E6046C007C4705</string>
			<key>isa</key>
			<string>PBXBuildFile</string>
		</dict>
		<key>78E0B90E1BBF6D23ECA9F540</key>
		<dict>
			<key>children</key>
			<array>
				<string>A8192A58EC53CCAF0C8EC2C2</string>
				<string>B7F0EFAEECD1F6E2E6A7E503</string>
			</array>
			<key>isa</key>
			<string>PBXGroup</string>
			<key>name</key>
			<string>Pods</string>
			<key>sourceTree</key>
			<string>&lt;group&gt;</string>
		</dict>
		<key>9CFF199601D16A19D152E132</key>
		<dict>
			<key>explicitFileType</key>
			<string>archive.ar</string>
			<key>includeInIndex</key>
			<string>0</string>
			<key>isa</key>
			<string>PBXFileReference</string>
			<key>path</key>
			<string>libPods.a</string>
			<key>sourceTree</key>
			<string>BUILT_PRODUCTS_DIR</string>
		</dict>
		<key>A8192A58EC53CCAF0C8EC2C2</key>
		<dict>
			<key>includeInIndex</key>
			<string>1</string>
			<key>isa</key>
			<string>PBXFileReference</string>
			<key>lastKnownFileType</key>
			<string>text.xcconfig</string>
			<key>name</key>
			<string>Pods.debug.xcconfig</string>
			<key>path</key>
			<string>Pods/Target Support Files/Pods/Pods.debug.xcconfig</string>
			<key>sourceTree</key>
			<string>&lt;group&gt;</string>
		</dict>
		<key>AE9B02D01ACB06359F50A822</key>
		<dict>
			<key>children</key>
			<array>
				<string>9CFF199601D16A19D152E132</string>
			</array>
			<key>isa</key>
			<string>PBXGroup</string>
			<key>name</key>
			<string>Frameworks</string>
			<key>sourceTree</key>
			<string>&lt;group&gt;</string>
		</dict>
		<key>B7F0EFAEECD1F6E2E6A7E503</key>
		<dict>
			<key>includeInIndex</key>
			<string>1</string>
			<key>isa</key>
			<string>PBXFileReference</string>
			<key>lastKnownFileType</key>
			<string>text.xcconfig</string>
			<key>name</key>
			<string>Pods.release.xcconfig</string>
			<key>path</key>
			<string>Pods/Target Support Files/Pods/Pods.release.xcconfig</string>
			<key>sourceTree</key>
			<string>&lt;group&gt;</string>
		</dict>
		<key>DC3F47DF0FF7AFE290FE3F98</key>
		<dict>
			<key>buildActionMask</key>
			<string>2147483647</string>
			<key>files</key>
			<array/>
			<key>inputPaths</key>
			<array/>
			<key>isa</key>
			<string>PBXShellScriptBuildPhase</string>
			<key>name</key>
			<string>Copy Pods Resources</string>
			<key>outputPaths</key>
			<array/>
			<key>runOnlyForDeploymentPostprocessing</key>
			<string>0</string>
			<key>shellPath</key>
			<string>/bin/sh</string>
			<key>shellScript</key>
			<string>"${SRCROOT}/Pods/Target Support Files/Pods/Pods-resources.sh"
</string>
			<key>showEnvVarsInLog</key>
			<string>0</string>
		</dict>
		<key>F9BC2AD0593E50BA83DE9920</key>
		<dict>
			<key>buildActionMask</key>
			<string>2147483647</string>
			<key>files</key>
			<array/>
			<key>inputPaths</key>
			<array/>
			<key>isa</key>
			<string>PBXShellScriptBuildPhase</string>
			<key>name</key>
			<string>Check Pods Manifest.lock</string>
			<key>outputPaths</key>
			<array/>
			<key>runOnlyForDeploymentPostprocessing</key>
			<string>0</string>
			<key>shellPath</key>
			<string>/bin/sh</string>
			<key>shellScript</key>
			<string>diff "${PODS_ROOT}/../Podfile.lock" "${PODS_ROOT}/Manifest.lock" &gt; /dev/null
if [[ $? != 0 ]] ; then
    cat &lt;&lt; EOM
error: The sandbox is not in sync with the Podfile.lock. Run 'pod install' or update your CocoaPods installation.
EOM
    exit 1
fi
</string>
			<key>showEnvVarsInLog</key>
			<string>0</string>
		</dict>
	</dict>
	<key>rootObject</key>
	<string>55949E7C19D99C4C00224DC9</string>
</dict>
</plist>
